
Microsoft Visual Studio Solution File, Format Version 12.00
# Visual Studio Version 16
VisualStudioVersion = 16.0.31019.35
MinimumVisualStudioVersion = 10.0.40219.1
Project("{9A19103F-16F7-4668-BE54-9A1E7A4F7556}") = "ByEsoDomainInfraStructure", "ByEsoDomainInfraStructure\ByEsoDomainInfraStructure.csproj", "{170E4F10-991F-43F3-BF73-6ABA95518140}"
EndProject
Project("{9A19103F-16F7-4668-BE54-9A1E7A4F7556}") = "BYEsoDomainModelKernel", "BYEsoDomainModelKernel\BYEsoDomainModelKernel.csproj", "{21CE95C9-C82D-4011-B419-6A7FC5D81BA3}"
EndProject
Project("{9A19103F-16F7-4668-BE54-9A1E7A4F7556}") = "FuelReconciliationApi", "FuelReconciliationApi\FuelReconciliationApi.csproj", "{093FA5E7-4227-421B-A935-532E5BA9B4B2}"
EndProject
Project("{9A19103F-16F7-4668-BE54-9A1E7A4F7556}") = "FuelReconciliationDomainModel", "FuelReconciliationDomainModel\FuelReconciliationDomainModel.csproj", "{EA23B523-DE68-4E86-A9EE-92BC5DE55EE3}"
EndProject
Project("{9A19103F-16F7-4668-BE54-9A1E7A4F7556}") = "FuelReconciliationDomainModelTests", "FuelReconciliationDomainModelTests\FuelReconciliationDomainModelTests.csproj", "{CAF85221-402E-4917-BCBB-044E54060CD9}"
EndProject
Global
	GlobalSection(SolutionConfigurationPlatforms) = preSolution
		Debug|Any CPU = Debug|Any CPU
		Release|Any CPU = Release|Any CPU
	EndGlobalSection
	GlobalSection(ProjectConfigurationPlatforms) = postSolution
		{170E4F10-991F-43F3-BF73-6ABA95518140}.Debug|Any CPU.ActiveCfg = Debug|Any CPU
		{170E4F10-991F-43F3-BF73-6ABA95518140}.Debug|Any CPU.Build.0 = Debug|Any CPU
		{170E4F10-991F-43F3-BF73-6ABA95518140}.Release|Any CPU.ActiveCfg = Release|Any CPU
		{170E4F10-991F-43F3-BF73-6ABA95518140}.Release|Any CPU.Build.0 = Release|Any CPU
		{21CE95C9-C82D-4011-B419-6A7FC5D81BA3}.Debug|Any CPU.ActiveCfg = Debug|Any CPU
		{21CE95C9-C82D-4011-B419-6A7FC5D81BA3}.Debug|Any CPU.Build.0 = Debug|Any CPU
		{21CE95C9-C82D-4011-B419-6A7FC5D81BA3}.Release|Any CPU.ActiveCfg = Release|Any CPU
		{21CE95C9-C82D-4011-B419-6A7FC5D81BA3}.Release|Any CPU.Build.0 = Release|Any CPU
		{093FA5E7-4227-421B-A935-532E5BA9B4B2}.Debug|Any CPU.ActiveCfg = Debug|Any CPU
		{093FA5E7-4227-421B-A935-532E5BA9B4B2}.Debug|Any CPU.Build.0 = Debug|Any CPU
		{093FA5E7-4227-421B-A935-532E5BA9B4B2}.Release|Any CPU.ActiveCfg = Release|Any CPU
		{093FA5E7-4227-421B-A935-532E5BA9B4B2}.Release|Any CPU.Build.0 = Release|Any CPU
		{EA23B523-DE68-4E86-A9EE-92BC5DE55EE3}.Debug|Any CPU.ActiveCfg = Debug|Any CPU
		{EA23B523-DE68-4E86-A9EE-92BC5DE55EE3}.Debug|Any CPU.Build.0 = Debug|Any CPU
		{EA23B523-DE68-4E86-A9EE-92BC5DE55EE3}.Release|Any CPU.ActiveCfg = Release|Any CPU
		{EA23B523-DE68-4E86-A9EE-92BC5DE55EE3}.Release|Any CPU.Build.0 = Release|Any CPU
		{CAF85221-402E-4917-BCBB-044E54060CD9}.Debug|Any CPU.ActiveCfg = Debug|Any CPU
		{CAF85221-402E-4917-BCBB-044E54060CD9}.Debug|Any CPU.Build.0 = Debug|Any CPU
		{CAF85221-402E-4917-BCBB-044E54060CD9}.Release|Any CPU.ActiveCfg = Release|Any CPU
		{CAF85221-402E-4917-BCBB-044E54060CD9}.Release|Any CPU.Build.0 = Release|Any CPU
	EndGlobalSection
	GlobalSection(SolutionProperties) = preSolution
		HideSolutionNode = FALSE
	EndGlobalSection
	GlobalSection(ExtensibilityGlobals) = postSolution
		SolutionGuid = {78568B82-A76F-434F-943C-5F0EC3AF0769}
	EndGlobalSection
EndGlobal
